{
  "version": 4,
  "terraform_version": "1.12.2",
  "serial": 12,
  "lineage": "4eae967a-2867-a65f-43bc-896bf54f3a92",
  "outputs": {
    "acm_validation_cname": {
      "value": [
        {
          "name": "_ccf45ac575b1a14fba7a3f143c3c0f00.jonhidalgo.com.",
          "type": "CNAME",
          "value": "_0f36109f3ca6fc7748a5518e56917d70.xlfgrmvvlj.acm-validations.aws."
        }
      ],
      "type": [
        "tuple",
        [
          [
            "object",
            {
              "name": "string",
              "type": "string",
              "value": "string"
            }
          ]
        ]
      ]
    }
  },
  "resources": [
    {
      "mode": "managed",
      "type": "aws_acm_certificate",
      "name": "cert",
      "provider": "provider[\"registry.terraform.io/hashicorp/aws\"].virginia",
      "instances": [
        {
          "schema_version": 0,
          "attributes": {
            "arn": "arn:aws:acm:us-east-1:691831409819:certificate/424db31c-b424-4496-baa5-4586df943425",
            "certificate_authority_arn": "",
            "certificate_body": null,
            "certificate_chain": null,
            "domain_name": "jonhidalgo.com",
            "domain_validation_options": [
              {
                "domain_name": "jonhidalgo.com",
                "resource_record_name": "_ccf45ac575b1a14fba7a3f143c3c0f00.jonhidalgo.com.",
                "resource_record_type": "CNAME",
                "resource_record_value": "_0f36109f3ca6fc7748a5518e56917d70.xlfgrmvvlj.acm-validations.aws."
              }
            ],
            "early_renewal_duration": "",
            "id": "arn:aws:acm:us-east-1:691831409819:certificate/424db31c-b424-4496-baa5-4586df943425",
            "key_algorithm": "RSA_2048",
            "not_after": "",
            "not_before": "",
            "options": [
              {
                "certificate_transparency_logging_preference": "ENABLED",
                "export": "DISABLED"
              }
            ],
            "pending_renewal": false,
            "private_key": null,
            "region": "us-east-1",
            "renewal_eligibility": "INELIGIBLE",
            "renewal_summary": [],
            "status": "PENDING_VALIDATION",
            "subject_alternative_names": [
              "jonhidalgo.com"
            ],
            "tags": {},
            "tags_all": {},
            "type": "AMAZON_ISSUED",
            "validation_emails": [],
            "validation_method": "DNS",
            "validation_option": []
          },
          "sensitive_attributes": [
            [
              {
                "type": "get_attr",
                "value": "private_key"
              }
            ]
          ],
          "identity_schema_version": 0,
          "identity": {
            "arn": "arn:aws:acm:us-east-1:691831409819:certificate/424db31c-b424-4496-baa5-4586df943425"
          },
          "private": "bnVsbA=="
        }
      ]
    },
    {
      "mode": "managed",
      "type": "aws_iam_role",
      "name": "github_oidc",
      "provider": "provider[\"registry.terraform.io/hashicorp/aws\"]",
      "instances": [
        {
          "schema_version": 0,
          "attributes": {
            "arn": "arn:aws:iam::691831409819:role/github-actions-portfolio-role",
            "assume_role_policy": "{\"Statement\":[{\"Action\":\"sts:AssumeRoleWithWebIdentity\",\"Condition\":{\"StringLike\":{\"token.actions.githubusercontent.com:sub\":\"repo:jon-hidalgo/portfolio:*\"}},\"Effect\":\"Allow\",\"Principal\":{\"Federated\":\"arn:aws:iam::691831409819:oidc-provider/token.actions.githubusercontent.com\"}}],\"Version\":\"2012-10-17\"}",
            "create_date": "2025-08-04T16:41:24Z",
            "description": "",
            "force_detach_policies": false,
            "id": "github-actions-portfolio-role",
            "inline_policy": [
              {
                "name": "terraform-20250804164125445800000001",
                "policy": "{\"Version\":\"2012-10-17\",\"Statement\":[{\"Action\":[\"s3:*\"],\"Effect\":\"Allow\",\"Resource\":[\"arn:aws:s3:::jonhidalgo.com\",\"arn:aws:s3:::jonhidalgo.com/*\"]},{\"Action\":[\"cloudfront:CreateInvalidation\"],\"Effect\":\"Allow\",\"Resource\":\"*\"}]}"
              }
            ],
            "managed_policy_arns": [],
            "max_session_duration": 3600,
            "name": "github-actions-portfolio-role",
            "name_prefix": "",
            "path": "/",
            "permissions_boundary": "",
            "tags": {},
            "tags_all": {},
            "unique_id": "AROA2CFC5RSNQALUYL5MC"
          },
          "sensitive_attributes": [],
          "identity_schema_version": 0,
          "identity": {
            "account_id": "691831409819",
            "name": "github-actions-portfolio-role"
          },
          "private": "bnVsbA=="
        }
      ]
    },
    {
      "mode": "managed",
      "type": "aws_iam_role_policy",
      "name": "deploy_policy",
      "provider": "provider[\"registry.terraform.io/hashicorp/aws\"]",
      "instances": [
        {
          "schema_version": 0,
          "attributes": {
            "id": "github-actions-portfolio-role:terraform-20250804164125445800000001",
            "name": "terraform-20250804164125445800000001",
            "name_prefix": "terraform-",
            "policy": "{\"Version\":\"2012-10-17\",\"Statement\":[{\"Action\":[\"s3:*\"],\"Effect\":\"Allow\",\"Resource\":[\"arn:aws:s3:::jonhidalgo.com\",\"arn:aws:s3:::jonhidalgo.com/*\"]},{\"Action\":[\"cloudfront:CreateInvalidation\"],\"Effect\":\"Allow\",\"Resource\":\"*\"}]}",
            "role": "github-actions-portfolio-role"
          },
          "sensitive_attributes": [],
          "identity_schema_version": 0,
          "identity": {
            "account_id": "691831409819",
            "name": "terraform-20250804164125445800000001",
            "role": "github-actions-portfolio-role"
          },
          "private": "bnVsbA==",
          "dependencies": [
            "aws_iam_role.github_oidc"
          ]
        }
      ]
    },
    {
      "mode": "managed",
      "type": "aws_s3_bucket",
      "name": "portfolio",
      "provider": "provider[\"registry.terraform.io/hashicorp/aws\"].madrid",
      "instances": [
        {
          "schema_version": 0,
          "attributes": {
            "acceleration_status": "",
            "acl": null,
            "arn": "arn:aws:s3:::jonhidalgo.com",
            "bucket": "jonhidalgo.com",
            "bucket_domain_name": "jonhidalgo.com.s3.amazonaws.com",
            "bucket_prefix": "",
            "bucket_region": "eu-south-2",
            "bucket_regional_domain_name": "jonhidalgo.com.s3.eu-south-2.amazonaws.com",
            "cors_rule": [],
            "force_destroy": true,
            "grant": [
              {
                "id": "17912c8fb4142629e31b81ce48da9c3bd37b81395ed6709522c18e2eb71a6bdc",
                "permissions": [
                  "FULL_CONTROL"
                ],
                "type": "CanonicalUser",
                "uri": ""
              }
            ],
            "hosted_zone_id": "Z0081959F7139GRJC19J",
            "id": "jonhidalgo.com",
            "lifecycle_rule": [],
            "logging": [],
            "object_lock_configuration": [],
            "object_lock_enabled": false,
            "policy": "",
            "region": "eu-south-2",
            "replication_configuration": [],
            "request_payer": "BucketOwner",
            "server_side_encryption_configuration": [
              {
                "rule": [
                  {
                    "apply_server_side_encryption_by_default": [
                      {
                        "kms_master_key_id": "",
                        "sse_algorithm": "AES256"
                      }
                    ],
                    "bucket_key_enabled": false
                  }
                ]
              }
            ],
            "tags": {},
            "tags_all": {},
            "timeouts": null,
            "versioning": [
              {
                "enabled": false,
                "mfa_delete": false
              }
            ],
            "website": [
              {
                "error_document": "index.html",
                "index_document": "index.html",
                "redirect_all_requests_to": "",
                "routing_rules": ""
              }
            ],
            "website_domain": "s3-website.eu-south-2.amazonaws.com",
            "website_endpoint": "jonhidalgo.com.s3-website.eu-south-2.amazonaws.com"
          },
          "sensitive_attributes": [],
          "identity_schema_version": 0,
          "identity": {
            "account_id": "691831409819",
            "bucket": "jonhidalgo.com",
            "region": "eu-south-2"
          },
          "private": "eyJlMmJmYjczMC1lY2FhLTExZTYtOGY4OC0zNDM2M2JjN2M0YzAiOnsiY3JlYXRlIjoxMjAwMDAwMDAwMDAwLCJkZWxldGUiOjM2MDAwMDAwMDAwMDAsInJlYWQiOjEyMDAwMDAwMDAwMDAsInVwZGF0ZSI6MTIwMDAwMDAwMDAwMH19"
        }
      ]
    },
    {
      "mode": "managed",
      "type": "aws_s3_bucket_public_access_block",
      "name": "portfolio",
      "provider": "provider[\"registry.terraform.io/hashicorp/aws\"].madrid",
      "instances": [
        {
          "schema_version": 0,
          "attributes": {
            "block_public_acls": false,
            "block_public_policy": false,
            "bucket": "jonhidalgo.com",
            "id": "jonhidalgo.com",
            "ignore_public_acls": false,
            "region": "eu-south-2",
            "restrict_public_buckets": false,
            "skip_destroy": null
          },
          "sensitive_attributes": [],
          "identity_schema_version": 0,
          "private": "bnVsbA==",
          "dependencies": [
            "aws_s3_bucket.portfolio"
          ]
        }
      ]
    },
    {
      "mode": "managed",
      "type": "aws_s3_bucket_website_configuration",
      "name": "website",
      "provider": "provider[\"registry.terraform.io/hashicorp/aws\"].madrid",
      "instances": [
        {
          "schema_version": 0,
          "attributes": {
            "bucket": "jonhidalgo.com",
            "error_document": [
              {
                "key": "index.html"
              }
            ],
            "expected_bucket_owner": "",
            "id": "jonhidalgo.com",
            "index_document": [
              {
                "suffix": "index.html"
              }
            ],
            "redirect_all_requests_to": [],
            "region": "eu-south-2",
            "routing_rule": [],
            "routing_rules": "",
            "website_domain": "s3-website.eu-south-2.amazonaws.com",
            "website_endpoint": "jonhidalgo.com.s3-website.eu-south-2.amazonaws.com"
          },
          "sensitive_attributes": [],
          "identity_schema_version": 0,
          "private": "bnVsbA==",
          "dependencies": [
            "aws_s3_bucket.portfolio"
          ]
        }
      ]
    }
  ],
  "check_results": null
}
